// !$*UTF8*$!
{
	archiveVersion = 1;
	classes = {
	};
	objectVersion = 48;
	objects = {

/* Begin PBXBuildFile section */
		356E6B7C204D4C26009F85F4 /* AppDelegate.m in Sources */ = {isa = PBXBuildFile; fileRef = 356E6B7B204D4C26009F85F4 /* AppDelegate.m */; };
		356E6B7F204D4C26009F85F4 /* ViewController.m in Sources */ = {isa = PBXBuildFile; fileRef = 356E6B7E204D4C26009F85F4 /* ViewController.m */; };
		356E6B82204D4C26009F85F4 /* Main.storyboard in Resources */ = {isa = PBXBuildFile; fileRef = 356E6B80204D4C26009F85F4 /* Main.storyboard */; };
		356E6B84204D4C26009F85F4 /* Assets.xcassets in Resources */ = {isa = PBXBuildFile; fileRef = 356E6B83204D4C26009F85F4 /* Assets.xcassets */; };
		356E6B87204D4C26009F85F4 /* LaunchScreen.storyboard in Resources */ = {isa = PBXBuildFile; fileRef = 356E6B85204D4C26009F85F4 /* LaunchScreen.storyboard */; };
		356E6B8A204D4C26009F85F4 /* main.m in Sources */ = {isa = PBXBuildFile; fileRef = 356E6B89204D4C26009F85F4 /* main.m */; };
		356E6B94204D4C26009F85F4 /* CCRollView_DemoTests.m in Sources */ = {isa = PBXBuildFile; fileRef = 356E6B93204D4C26009F85F4 /* CCRollView_DemoTests.m */; };
		356E6B9F204D4C26009F85F4 /* CCRollView_DemoUITests.m in Sources */ = {isa = PBXBuildFile; fileRef = 356E6B9E204D4C26009F85F4 /* CCRollView_DemoUITests.m */; };
		356E6BB1204D4C35009F85F4 /* CCRollView.m in Sources */ = {isa = PBXBuildFile; fileRef = 356E6BAE204D4C35009F85F4 /* CCRollView.m */; };
		356E6BB2204D4C35009F85F4 /* CCRollViewCell.m in Sources */ = {isa = PBXBuildFile; fileRef = 356E6BAF204D4C35009F85F4 /* CCRollViewCell.m */; };
		356E6BCE204D4C42009F85F4 /* NSLayoutConstraint+MASDebugAdditions.m in Sources */ = {isa = PBXBuildFile; fileRef = 356E6BB5204D4C42009F85F4 /* NSLayoutConstraint+MASDebugAdditions.m */; };
		356E6BCF204D4C42009F85F4 /* ViewController+MASAdditions.m in Sources */ = {isa = PBXBuildFile; fileRef = 356E6BBE204D4C42009F85F4 /* ViewController+MASAdditions.m */; };
		356E6BD0204D4C42009F85F4 /* MASCompositeConstraint.m in Sources */ = {isa = PBXBuildFile; fileRef = 356E6BC2204D4C42009F85F4 /* MASCompositeConstraint.m */; };
		356E6BD1204D4C42009F85F4 /* MASConstraintMaker.m in Sources */ = {isa = PBXBuildFile; fileRef = 356E6BC3204D4C42009F85F4 /* MASConstraintMaker.m */; };
		356E6BD2204D4C42009F85F4 /* MASLayoutConstraint.m in Sources */ = {isa = PBXBuildFile; fileRef = 356E6BC4204D4C42009F85F4 /* MASLayoutConstraint.m */; };
		356E6BD3204D4C42009F85F4 /* NSArray+MASAdditions.m in Sources */ = {isa = PBXBuildFile; fileRef = 356E6BC5204D4C42009F85F4 /* NSArray+MASAdditions.m */; };
		356E6BD4204D4C42009F85F4 /* View+MASAdditions.m in Sources */ = {isa = PBXBuildFile; fileRef = 356E6BC6204D4C42009F85F4 /* View+MASAdditions.m */; };
		356E6BD5204D4C42009F85F4 /* MASConstraint.m in Sources */ = {isa = PBXBuildFile; fileRef = 356E6BC9204D4C42009F85F4 /* MASConstraint.m */; };
		356E6BD6204D4C42009F85F4 /* MASViewConstraint.m in Sources */ = {isa = PBXBuildFile; fileRef = 356E6BCB204D4C42009F85F4 /* MASViewConstraint.m */; };
		356E6BD7204D4C42009F85F4 /* MASViewAttribute.m in Sources */ = {isa = PBXBuildFile; fileRef = 356E6BCC204D4C42009F85F4 /* MASViewAttribute.m */; };
		356E6BD8204D4C42009F85F4 /* Info.plist in Resources */ = {isa = PBXBuildFile; fileRef = 356E6BCD204D4C42009F85F4 /* Info.plist */; };
/* End PBXBuildFile section */

/* Begin PBXContainerItemProxy section */
		356E6B90204D4C26009F85F4 /* PBXContainerItemProxy */ = {
			isa = PBXContainerItemProxy;
			containerPortal = 356E6B6F204D4C26009F85F4 /* Project object */;
			proxyType = 1;
			remoteGlobalIDString = 356E6B76204D4C26009F85F4;
			remoteInfo = CCRollView_Demo;
		};
		356E6B9B204D4C26009F85F4 /* PBXContainerItemProxy */ = {
			isa = PBXContainerItemProxy;
			containerPortal = 356E6B6F204D4C26009F85F4 /* Project object */;
			proxyType = 1;
			remoteGlobalIDString = 356E6B76204D4C26009F85F4;
			remoteInfo = CCRollView_Demo;
		};
/* End PBXContainerItemProxy section */

/* Begin PBXFileReference section */
		356E6B77204D4C26009F85F4 /* CCRollView_Demo.app */ = {isa = PBXFileReference; explicitFileType = wrapper.application; includeInIndex = 0; path = CCRollView_Demo.app; sourceTree = BUILT_PRODUCTS_DIR; };
		356E6B7A204D4C26009F85F4 /* AppDelegate.h */ = {isa = PBXFileReference; lastKnownFileType = sourcecode.c.h; path = AppDelegate.h; sourceTree = "<group>"; };
		356E6B7B204D4C26009F85F4 /* AppDelegate.m */ = {isa = PBXFileReference; lastKnownFileType = sourcecode.c.objc; path = AppDelegate.m; sourceTree = "<group>"; };
		356E6B7D204D4C26009F85F4 /* ViewController.h */ = {isa = PBXFileReference; lastKnownFileType = sourcecode.c.h; path = ViewController.h; sourceTree = "<group>"; };
		356E6B7E204D4C26009F85F4 /* ViewController.m */ = {isa = PBXFileReference; lastKnownFileType = sourcecode.c.objc; path = ViewController.m; sourceTree = "<group>"; };
		356E6B81204D4C26009F85F4 /* Base */ = {isa = PBXFileReference; lastKnownFileType = file.storyboard; name = Base; path = Base.lproj/Main.storyboard; sourceTree = "<group>"; };
		356E6B83204D4C26009F85F4 /* Assets.xcassets */ = {isa = PBXFileReference; lastKnownFileType = folder.assetcatalog; path = Assets.xcassets; sourceTree = "<group>"; };
		356E6B86204D4C26009F85F4 /* Base */ = {isa = PBXFileReference; lastKnownFileType = file.storyboard; name = Base; path = Base.lproj/LaunchScreen.storyboard; sourceTree = "<group>"; };
		356E6B88204D4C26009F85F4 /* Info.plist */ = {isa = PBXFileReference; lastKnownFileType = text.plist.xml; path = Info.plist; sourceTree = "<group>"; };
		356E6B89204D4C26009F85F4 /* main.m */ = {isa = PBXFileReference; lastKnownFileType = sourcecode.c.objc; path = main.m; sourceTree = "<group>"; };
		356E6B8F204D4C26009F85F4 /* CCRollView_DemoTests.xctest */ = {isa = PBXFileReference; explicitFileType = wrapper.cfbundle; includeInIndex = 0; path = CCRollView_DemoTests.xctest; sourceTree = BUILT_PRODUCTS_DIR; };
		356E6B93204D4C26009F85F4 /* CCRollView_DemoTests.m */ = {isa = PBXFileReference; lastKnownFileType = sourcecode.c.objc; path = CCRollView_DemoTests.m; sourceTree = "<group>"; };
		356E6B95204D4C26009F85F4 /* Info.plist */ = {isa = PBXFileReference; lastKnownFileType = text.plist.xml; path = Info.plist; sourceTree = "<group>"; };
		356E6B9A204D4C26009F85F4 /* CCRollView_DemoUITests.xctest */ = {isa = PBXFileReference; explicitFileType = wrapper.cfbundle; includeInIndex = 0; path = CCRollView_DemoUITests.xctest; sourceTree = BUILT_PRODUCTS_DIR; };
		356E6B9E204D4C26009F85F4 /* CCRollView_DemoUITests.m */ = {isa = PBXFileReference; lastKnownFileType = sourcecode.c.objc; path = CCRollView_DemoUITests.m; sourceTree = "<group>"; };
		356E6BA0204D4C26009F85F4 /* Info.plist */ = {isa = PBXFileReference; lastKnownFileType = text.plist.xml; path = Info.plist; sourceTree = "<group>"; };
		356E6BAD204D4C35009F85F4 /* CCRollViewCell.h */ = {isa = PBXFileReference; fileEncoding = 4; lastKnownFileType = sourcecode.c.h; path = CCRollViewCell.h; sourceTree = "<group>"; };
		356E6BAE204D4C35009F85F4 /* CCRollView.m */ = {isa = PBXFileReference; fileEncoding = 4; lastKnownFileType = sourcecode.c.objc; path = CCRollView.m; sourceTree = "<group>"; };
		356E6BAF204D4C35009F85F4 /* CCRollViewCell.m */ = {isa = PBXFileReference; fileEncoding = 4; lastKnownFileType = sourcecode.c.objc; path = CCRollViewCell.m; sourceTree = "<group>"; };
		356E6BB0204D4C35009F85F4 /* CCRollView.h */ = {isa = PBXFileReference; fileEncoding = 4; lastKnownFileType = sourcecode.c.h; path = CCRollView.h; sourceTree = "<group>"; };
		356E6BB4204D4C42009F85F4 /* MASCompositeConstraint.h */ = {isa = PBXFileReference; fileEncoding = 4; lastKnownFileType = sourcecode.c.h; path = MASCompositeConstraint.h; sourceTree = "<group>"; };
		356E6BB5204D4C42009F85F4 /* NSLayoutConstraint+MASDebugAdditions.m */ = {isa = PBXFileReference; fileEncoding = 4; lastKnownFileType = sourcecode.c.objc; path = "NSLayoutConstraint+MASDebugAdditions.m"; sourceTree = "<group>"; };
		356E6BB6204D4C42009F85F4 /* MASConstraint+Private.h */ = {isa = PBXFileReference; fileEncoding = 4; lastKnownFileType = sourcecode.c.h; path = "MASConstraint+Private.h"; sourceTree = "<group>"; };
		356E6BB7204D4C42009F85F4 /* MASLayoutConstraint.h */ = {isa = PBXFileReference; fileEncoding = 4; lastKnownFileType = sourcecode.c.h; path = MASLayoutConstraint.h; sourceTree = "<group>"; };
		356E6BB8204D4C42009F85F4 /* NSArray+MASShorthandAdditions.h */ = {isa = PBXFileReference; fileEncoding = 4; lastKnownFileType = sourcecode.c.h; path = "NSArray+MASShorthandAdditions.h"; sourceTree = "<group>"; };
		356E6BB9204D4C42009F85F4 /* MASConstraintMaker.h */ = {isa = PBXFileReference; fileEncoding = 4; lastKnownFileType = sourcecode.c.h; path = MASConstraintMaker.h; sourceTree = "<group>"; };
		356E6BBA204D4C42009F85F4 /* View+MASAdditions.h */ = {isa = PBXFileReference; fileEncoding = 4; lastKnownFileType = sourcecode.c.h; path = "View+MASAdditions.h"; sourceTree = "<group>"; };
		356E6BBB204D4C42009F85F4 /* NSArray+MASAdditions.h */ = {isa = PBXFileReference; fileEncoding = 4; lastKnownFileType = sourcecode.c.h; path = "NSArray+MASAdditions.h"; sourceTree = "<group>"; };
		356E6BBC204D4C42009F85F4 /* MASUtilities.h */ = {isa = PBXFileReference; fileEncoding = 4; lastKnownFileType = sourcecode.c.h; path = MASUtilities.h; sourceTree = "<group>"; };
		356E6BBD204D4C42009F85F4 /* MASViewAttribute.h */ = {isa = PBXFileReference; fileEncoding = 4; lastKnownFileType = sourcecode.c.h; path = MASViewAttribute.h; sourceTree = "<group>"; };
		356E6BBE204D4C42009F85F4 /* ViewController+MASAdditions.m */ = {isa = PBXFileReference; fileEncoding = 4; lastKnownFileType = sourcecode.c.objc; path = "ViewController+MASAdditions.m"; sourceTree = "<group>"; };
		356E6BBF204D4C42009F85F4 /* MASViewConstraint.h */ = {isa = PBXFileReference; fileEncoding = 4; lastKnownFileType = sourcecode.c.h; path = MASViewConstraint.h; sourceTree = "<group>"; };
		356E6BC0204D4C42009F85F4 /* MASConstraint.h */ = {isa = PBXFileReference; fileEncoding = 4; lastKnownFileType = sourcecode.c.h; path = MASConstraint.h; sourceTree = "<group>"; };
		356E6BC1204D4C42009F85F4 /* NSLayoutConstraint+MASDebugAdditions.h */ = {isa = PBXFileReference; fileEncoding = 4; lastKnownFileType = sourcecode.c.h; path = "NSLayoutConstraint+MASDebugAdditions.h"; sourceTree = "<group>"; };
		356E6BC2204D4C42009F85F4 /* MASCompositeConstraint.m */ = {isa = PBXFileReference; fileEncoding = 4; lastKnownFileType = sourcecode.c.objc; path = MASCompositeConstraint.m; sourceTree = "<group>"; };
		356E6BC3204D4C42009F85F4 /* MASConstraintMaker.m */ = {isa = PBXFileReference; fileEncoding = 4; lastKnownFileType = sourcecode.c.objc; path = MASConstraintMaker.m; sourceTree = "<group>"; };
		356E6BC4204D4C42009F85F4 /* MASLayoutConstraint.m */ = {isa = PBXFileReference; fileEncoding = 4; lastKnownFileType = sourcecode.c.objc; path = MASLayoutConstraint.m; sourceTree = "<group>"; };
		356E6BC5204D4C42009F85F4 /* NSArray+MASAdditions.m */ = {isa = PBXFileReference; fileEncoding = 4; lastKnownFileType = sourcecode.c.objc; path = "NSArray+MASAdditions.m"; sourceTree = "<group>"; };
		356E6BC6204D4C42009F85F4 /* View+MASAdditions.m */ = {isa = PBXFileReference; fileEncoding = 4; lastKnownFileType = sourcecode.c.objc; path = "View+MASAdditions.m"; sourceTree = "<group>"; };
		356E6BC7204D4C42009F85F4 /* View+MASShorthandAdditions.h */ = {isa = PBXFileReference; fileEncoding = 4; lastKnownFileType = sourcecode.c.h; path = "View+MASShorthandAdditions.h"; sourceTree = "<group>"; };
		356E6BC8204D4C42009F85F4 /* Masonry.h */ = {isa = PBXFileReference; fileEncoding = 4; lastKnownFileType = sourcecode.c.h; path = Masonry.h; sourceTree = "<group>"; };
		356E6BC9204D4C42009F85F4 /* MASConstraint.m */ = {isa = PBXFileReference; fileEncoding = 4; lastKnownFileType = sourcecode.c.objc; path = MASConstraint.m; sourceTree = "<group>"; };
		356E6BCA204D4C42009F85F4 /* ViewController+MASAdditions.h */ = {isa = PBXFileReference; fileEncoding = 4; lastKnownFileType = sourcecode.c.h; path = "ViewController+MASAdditions.h"; sourceTree = "<group>"; };
		356E6BCB204D4C42009F85F4 /* MASViewConstraint.m */ = {isa = PBXFileReference; fileEncoding = 4; lastKnownFileType = sourcecode.c.objc; path = MASViewConstraint.m; sourceTree = "<group>"; };
		356E6BCC204D4C42009F85F4 /* MASViewAttribute.m */ = {isa = PBXFileReference; fileEncoding = 4; lastKnownFileType = sourcecode.c.objc; path = MASViewAttribute.m; sourceTree = "<group>"; };
		356E6BCD204D4C42009F85F4 /* Info.plist */ = {isa = PBXFileReference; fileEncoding = 4; lastKnownFileType = text.plist.xml; path = Info.plist; sourceTree = "<group>"; };
/* End PBXFileReference section */

/* Begin PBXFrameworksBuildPhase section */
		356E6B74204D4C26009F85F4 /* Frameworks */ = {
			isa = PBXFrameworksBuildPhase;
			buildActionMask = 2147483647;
			files = (
			);
			runOnlyForDeploymentPostprocessing = 0;
		};
		356E6B8C204D4C26009F85F4 /* Frameworks */ = {
			isa = PBXFrameworksBuildPhase;
			buildActionMask = 2147483647;
			files = (
			);
			runOnlyForDeploymentPostprocessing = 0;
		};
		356E6B97204D4C26009F85F4 /* Frameworks */ = {
			isa = PBXFrameworksBuildPhase;
			buildActionMask = 2147483647;
			files = (
			);
			runOnlyForDeploymentPostprocessing = 0;
		};
/* End PBXFrameworksBuildPhase section */

/* Begin PBXGroup section */
		356E6B6E204D4C26009F85F4 = {
			isa = PBXGroup;
			children = (
				356E6B79204D4C26009F85F4 /* CCRollView_Demo */,
				356E6B92204D4C26009F85F4 /* CCRollView_DemoTests */,
				356E6B9D204D4C26009F85F4 /* CCRollView_DemoUITests */,
				356E6B78204D4C26009F85F4 /* Products */,
			);
			sourceTree = "<group>";
		};
		356E6B78204D4C26009F85F4 /* Products */ = {
			isa = PBXGroup;
			children = (
				356E6B77204D4C26009F85F4 /* CCRollView_Demo.app */,
				356E6B8F204D4C26009F85F4 /* CCRollView_DemoTests.xctest */,
				356E6B9A204D4C26009F85F4 /* CCRollView_DemoUITests.xctest */,
			);
			name = Products;
			sourceTree = "<group>";
		};
		356E6B79204D4C26009F85F4 /* CCRollView_Demo */ = {
			isa = PBXGroup;
			children = (
				356E6B7A204D4C26009F85F4 /* AppDelegate.h */,
				356E6B7B204D4C26009F85F4 /* AppDelegate.m */,
				356E6B7D204D4C26009F85F4 /* ViewController.h */,
				356E6B7E204D4C26009F85F4 /* ViewController.m */,
				356E6BB3204D4C42009F85F4 /* Masonry */,
				356E6BAC204D4C35009F85F4 /* CCRollView */,
				356E6B80204D4C26009F85F4 /* Main.storyboard */,
				356E6B83204D4C26009F85F4 /* Assets.xcassets */,
				356E6B85204D4C26009F85F4 /* LaunchScreen.storyboard */,
				356E6B88204D4C26009F85F4 /* Info.plist */,
				356E6B89204D4C26009F85F4 /* main.m */,
			);
			path = CCRollView_Demo;
			sourceTree = "<group>";
		};
		356E6B92204D4C26009F85F4 /* CCRollView_DemoTests */ = {
			isa = PBXGroup;
			children = (
				356E6B93204D4C26009F85F4 /* CCRollView_DemoTests.m */,
				356E6B95204D4C26009F85F4 /* Info.plist */,
			);
			path = CCRollView_DemoTests;
			sourceTree = "<group>";
		};
		356E6B9D204D4C26009F85F4 /* CCRollView_DemoUITests */ = {
			isa = PBXGroup;
			children = (
				356E6B9E204D4C26009F85F4 /* CCRollView_DemoUITests.m */,
				356E6BA0204D4C26009F85F4 /* Info.plist */,
			);
			path = CCRollView_DemoUITests;
			sourceTree = "<group>";
		};
		356E6BAC204D4C35009F85F4 /* CCRollView */ = {
			isa = PBXGroup;
			children = (
				356E6BB0204D4C35009F85F4 /* CCRollView.h */,
				356E6BAE204D4C35009F85F4 /* CCRollView.m */,
				356E6BAD204D4C35009F85F4 /* CCRollViewCell.h */,
				356E6BAF204D4C35009F85F4 /* CCRollViewCell.m */,
			);
			path = CCRollView;
			sourceTree = "<group>";
		};
		356E6BB3204D4C42009F85F4 /* Masonry */ = {
			isa = PBXGroup;
			children = (
				356E6BB4204D4C42009F85F4 /* MASCompositeConstraint.h */,
				356E6BB5204D4C42009F85F4 /* NSLayoutConstraint+MASDebugAdditions.m */,
				356E6BB6204D4C42009F85F4 /* MASConstraint+Private.h */,
				356E6BB7204D4C42009F85F4 /* MASLayoutConstraint.h */,
				356E6BB8204D4C42009F85F4 /* NSArray+MASShorthandAdditions.h */,
				356E6BB9204D4C42009F85F4 /* MASConstraintMaker.h */,
				356E6BBA204D4C42009F85F4 /* View+MASAdditions.h */,
				356E6BBB204D4C42009F85F4 /* NSArray+MASAdditions.h */,
				356E6BBC204D4C42009F85F4 /* MASUtilities.h */,
				356E6BBD204D4C42009F85F4 /* MASViewAttribute.h */,
				356E6BBE204D4C42009F85F4 /* ViewController+MASAdditions.m */,
				356E6BBF204D4C42009F85F4 /* MASViewConstraint.h */,
				356E6BC0204D4C42009F85F4 /* MASConstraint.h */,
				356E6BC1204D4C42009F85F4 /* NSLayoutConstraint+MASDebugAdditions.h */,
				356E6BC2204D4C42009F85F4 /* MASCompositeConstraint.m */,
				356E6BC3204D4C42009F85F4 /* MASConstraintMaker.m */,
				356E6BC4204D4C42009F85F4 /* MASLayoutConstraint.m */,
				356E6BC5204D4C42009F85F4 /* NSArray+MASAdditions.m */,
				356E6BC6204D4C42009F85F4 /* View+MASAdditions.m */,
				356E6BC7204D4C42009F85F4 /* View+MASShorthandAdditions.h */,
				356E6BC8204D4C42009F85F4 /* Masonry.h */,
				356E6BC9204D4C42009F85F4 /* MASConstraint.m */,
				356E6BCA204D4C42009F85F4 /* ViewController+MASAdditions.h */,
				356E6BCB204D4C42009F85F4 /* MASViewConstraint.m */,
				356E6BCC204D4C42009F85F4 /* MASViewAttribute.m */,
				356E6BCD204D4C42009F85F4 /* Info.plist */,
			);
			path = Masonry;
			sourceTree = "<group>";
		};
/* End PBXGroup section */

/* Begin PBXNativeTarget section */
		356E6B76204D4C26009F85F4 /* CCRollView_Demo */ = {
			isa = PBXNativeTarget;
			buildConfigurationList = 356E6BA3204D4C26009F85F4 /* Build configuration list for PBXNativeTarget "CCRollView_Demo" */;
			buildPhases = (
				356E6B73204D4C26009F85F4 /* Sources */,
				356E6B74204D4C26009F85F4 /* Frameworks */,
				356E6B75204D4C26009F85F4 /* Resources */,
			);
			buildRules = (
			);
			dependencies = (
			);
			name = CCRollView_Demo;
			productName = CCRollView_Demo;
			productReference = 356E6B77204D4C26009F85F4 /* CCRollView_Demo.app */;
			productType = "com.apple.product-type.application";
		};
		356E6B8E204D4C26009F85F4 /* CCRollView_DemoTests */ = {
			isa = PBXNativeTarget;
			buildConfigurationList = 356E6BA6204D4C26009F85F4 /* Build configuration list for PBXNativeTarget "CCRollView_DemoTests" */;
			buildPhases = (
				356E6B8B204D4C26009F85F4 /* Sources */,
				356E6B8C204D4C26009F85F4 /* Frameworks */,
				356E6B8D204D4C26009F85F4 /* Resources */,
			);
			buildRules = (
			);
			dependencies = (
				356E6B91204D4C26009F85F4 /* PBXTargetDependency */,
			);
			name = CCRollView_DemoTests;
			productName = CCRollView_DemoTests;
			productReference = 356E6B8F204D4C26009F85F4 /* CCRollView_DemoTests.xctest */;
			productType = "com.apple.product-type.bundle.unit-test";
		};
		356E6B99204D4C26009F85F4 /* CCRollView_DemoUITests */ = {
			isa = PBXNativeTarget;
			buildConfigurationList = 356E6BA9204D4C26009F85F4 /* Build configuration list for PBXNativeTarget "CCRollView_DemoUITests" */;
			buildPhases = (
				356E6B96204D4C26009F85F4 /* Sources */,
				356E6B97204D4C26009F85F4 /* Frameworks */,
				356E6B98204D4C26009F85F4 /* Resources */,
			);
			buildRules = (
			);
			dependencies = (
				356E6B9C204D4C26009F85F4 /* PBXTargetDependency */,
			);
			name = CCRollView_DemoUITests;
			productName = CCRollView_DemoUITests;
			productReference = 356E6B9A204D4C26009F85F4 /* CCRollView_DemoUITests.xctest */;
			productType = "com.apple.product-type.bundle.ui-testing";
		};
/* End PBXNativeTarget section */

/* Begin PBXProject section */
		356E6B6F204D4C26009F85F4 /* Project object */ = {
			isa = PBXProject;
			attributes = {
				LastUpgradeCheck = 0920;
				ORGANIZATIONNAME = "double chen";
				TargetAttributes = {
					356E6B76204D4C26009F85F4 = {
						CreatedOnToolsVersion = 9.2;
						ProvisioningStyle = Automatic;
					};
					356E6B8E204D4C26009F85F4 = {
						CreatedOnToolsVersion = 9.2;
						ProvisioningStyle = Automatic;
						TestTargetID = 356E6B76204D4C26009F85F4;
					};
					356E6B99204D4C26009F85F4 = {
						CreatedOnToolsVersion = 9.2;
						ProvisioningStyle = Automatic;
						TestTargetID = 356E6B76204D4C26009F85F4;
					};
				};
			};
			buildConfigurationList = 356E6B72204D4C26009F85F4 /* Build configuration list for PBXProject "CCRollView_Demo" */;
			compatibilityVersion = "Xcode 8.0";
			developmentRegion = en;
			hasScannedForEncodings = 0;
			knownRegions = (
				en,
				Base,
			);
			mainGroup = 356E6B6E204D4C26009F85F4;
			productRefGroup = 356E6B78204D4C26009F85F4 /* Products */;
			projectDirPath = "";
			projectRoot = "";
			targets = (
				356E6B76204D4C26009F85F4 /* CCRollView_Demo */,
				356E6B8E204D4C26009F85F4 /* CCRollView_DemoTests */,
				356E6B99204D4C26009F85F4 /* CCRollView_DemoUITests */,
			);
		};
/* End PBXProject section */

/* Begin PBXResourcesBuildPhase section */
		356E6B75204D4C26009F85F4 /* Resources */ = {
			isa = PBXResourcesBuildPhase;
			buildActionMask = 2147483647;
			files = (
				356E6BD8204D4C42009F85F4 /* Info.plist in Resources */,
				356E6B87204D4C26009F85F4 /* LaunchScreen.storyboard in Resources */,
				356E6B84204D4C26009F85F4 /* Assets.xcassets in Resources */,
				356E6B82204D4C26009F85F4 /* Main.storyboard in Resources */,
			);
			runOnlyForDeploymentPostprocessing = 0;
		};
		356E6B8D204D4C26009F85F4 /* Resources */ = {
			isa = PBXResourcesBuildPhase;
			buildActionMask = 2147483647;
			files = (
			);
			runOnlyForDeploymentPostprocessing = 0;
		};
		356E6B98204D4C26009F85F4 /* Resources */ = {
			isa = PBXResourcesBuildPhase;
			buildActionMask = 2147483647;
			files = (
			);
			runOnlyForDeploymentPostprocessing = 0;
		};
/* End PBXResourcesBuildPhase section */

/* Begin PBXSourcesBuildPhase section */
		356E6B73204D4C26009F85F4 /* Sources */ = {
			isa = PBXSourcesBuildPhase;
			buildActionMask = 2147483647;
			files = (
				356E6B7F204D4C26009F85F4 /* ViewController.m in Sources */,
				356E6BB2204D4C35009F85F4 /* CCRollViewCell.m in Sources */,
				356E6BD2204D4C42009F85F4 /* MASLayoutConstraint.m in Sources */,
				356E6BB1204D4C35009F85F4 /* CCRollView.m in Sources */,
				356E6B8A204D4C26009F85F4 /* main.m in Sources */,
				356E6BD7204D4C42009F85F4 /* MASViewAttribute.m in Sources */,
				356E6BD3204D4C42009F85F4 /* NSArray+MASAdditions.m in Sources */,
				356E6BD0204D4C42009F85F4 /* MASCompositeConstraint.m in Sources */,
				356E6BD1204D4C42009F85F4 /* MASConstraintMaker.m in Sources */,
				356E6BD4204D4C42009F85F4 /* View+MASAdditions.m in Sources */,
				356E6BCF204D4C42009F85F4 /* ViewController+MASAdditions.m in Sources */,
				356E6B7C204D4C26009F85F4 /* AppDelegate.m in Sources */,
				356E6BD6204D4C42009F85F4 /* MASViewConstraint.m in Sources */,
				356E6BCE204D4C42009F85F4 /* NSLayoutConstraint+MASDebugAdditions.m in Sources */,
				356E6BD5204D4C42009F85F4 /* MASConstraint.m in Sources */,
			);
			runOnlyForDeploymentPostprocessing = 0;
		};
		356E6B8B204D4C26009F85F4 /* Sources */ = {
			isa = PBXSourcesBuildPhase;
			buildActionMask = 2147483647;
			files = (
				356E6B94204D4C26009F85F4 /* CCRollView_DemoTests.m in Sources */,
			);
			runOnlyForDeploymentPostprocessing = 0;
		};
		356E6B96204D4C26009F85F4 /* Sources */ = {
			isa = PBXSourcesBuildPhase;
			buildActionMask = 2147483647;
			files = (
				356E6B9F204D4C26009F85F4 /* CCRollView_DemoUITests.m in Sources */,
			);
			runOnlyForDeploymentPostprocessing = 0;
		};
/* End PBXSourcesBuildPhase section */

/* Begin PBXTargetDependency section */
		356E6B91204D4C26009F85F4 /* PBXTargetDependency */ = {
			isa = PBXTargetDependency;
			target = 356E6B76204D4C26009F85F4 /* CCRollView_Demo */;
			targetProxy = 356E6B90204D4C26009F85F4 /* PBXContainerItemProxy */;
		};
		356E6B9C204D4C26009F85F4 /* PBXTargetDependency */ = {
			isa = PBXTargetDependency;
			target = 356E6B76204D4C26009F85F4 /* CCRollView_Demo */;
			targetProxy = 356E6B9B204D4C26009F85F4 /* PBXContainerItemProxy */;
		};
/* End PBXTargetDependency section */

/* Begin PBXVariantGroup section */
		356E6B80204D4C26009F85F4 /* Main.storyboard */ = {
			isa = PBXVariantGroup;
			children = (
				356E6B81204D4C26009F85F4 /* Base */,
			);
			name = Main.storyboard;
			sourceTree = "<group>";
		};
		356E6B85204D4C26009F85F4 /* LaunchScreen.storyboard */ = {
			isa = PBXVariantGroup;
			children = (
				356E6B86204D4C26009F85F4 /* Base */,
			);
			name = LaunchScreen.storyboard;
			sourceTree = "<group>";
		};
/* End PBXVariantGroup section */

/* Begin XCBuildConfiguration section */
		356E6BA1204D4C26009F85F4 /* Debug */ = {
			isa = XCBuildConfiguration;
			buildSettings = {
				ALWAYS_SEARCH_USER_PATHS = NO;
				CLANG_ANALYZER_NONNULL = YES;
				CLANG_ANALYZER_NUMBER_OBJECT_CONVERSION = YES_AGGRESSIVE;
				CLANG_CXX_LANGUAGE_STANDARD = "gnu++14";
				CLANG_CXX_LIBRARY = "libc++";
				CLANG_ENABLE_MODULES = YES;
				CLANG_ENABLE_OBJC_ARC = YES;
				CLANG_WARN_BLOCK_CAPTURE_AUTORELEASING = YES;
				CLANG_WARN_BOOL_CONVERSION = YES;
				CLANG_WARN_COMMA = YES;
				CLANG_WARN_CONSTANT_CONVERSION = YES;
				CLANG_WARN_DIRECT_OBJC_ISA_USAGE = YES_ERROR;
				CLANG_WARN_DOCUMENTATION_COMMENTS = YES;
				CLANG_WARN_EMPTY_BODY = YES;
				CLANG_WARN_ENUM_CONVERSION = YES;
				CLANG_WARN_INFINITE_RECURSION = YES;
				CLANG_WARN_INT_CONVERSION = YES;
				CLANG_WARN_NON_LITERAL_NULL_CONVERSION = YES;
				CLANG_WARN_OBJC_LITERAL_CONVERSION = YES;
				CLANG_WARN_OBJC_ROOT_CLASS = YES_ERROR;
				CLANG_WARN_RANGE_LOOP_ANALYSIS = YES;
				CLANG_WARN_STRICT_PROTOTYPES = YES;
				CLANG_WARN_SUSPICIOUS_MOVE = YES;
				CLANG_WARN_UNGUARDED_AVAILABILITY = YES_AGGRESSIVE;
				CLANG_WARN_UNREACHABLE_CODE = YES;
				CLANG_WARN__DUPLICATE_METHOD_MATCH = YES;
				CODE_SIGN_IDENTITY = "iPhone Developer";
				COPY_PHASE_STRIP = NO;
				DEBUG_INFORMATION_FORMAT = dwarf;
				ENABLE_STRICT_OBJC_MSGSEND = YES;
				ENABLE_TESTABILITY = YES;
				GCC_C_LANGUAGE_STANDARD = gnu11;
				GCC_DYNAMIC_NO_PIC = NO;
				GCC_NO_COMMON_BLOCKS = YES;
				GCC_OPTIMIZATION_LEVEL = 0;
				GCC_PREPROCESSOR_DEFINITIONS = (
					"DEBUG=1",
					"$(inherited)",
				);
				GCC_WARN_64_TO_32_BIT_CONVERSION = YES;
				GCC_WARN_ABOUT_RETURN_TYPE = YES_ERROR;
				GCC_WARN_UNDECLARED_SELECTOR = YES;
				GCC_WARN_UNINITIALIZED_AUTOS = YES_AGGRESSIVE;
				GCC_WARN_UNUSED_FUNCTION = YES;
				GCC_WARN_UNUSED_VARIABLE = YES;
				IPHONEOS_DEPLOYMENT_TARGET = 11.2;
				MTL_ENABLE_DEBUG_INFO = YES;
				ONLY_ACTIVE_ARCH = YES;
				SDKROOT = iphoneos;
			};
			name = Debug;
		};
		356E6BA2204D4C26009F85F4 /* Release */ = {
			isa = XCBuildConfiguration;
			buildSettings = {
				ALWAYS_SEARCH_USER_PATHS = NO;
				CLANG_ANALYZER_NONNULL = YES;
				CLANG_ANALYZER_NUMBER_OBJECT_CONVERSION = YES_AGGRESSIVE;
				CLANG_CXX_LANGUAGE_STANDARD = "gnu++14";
				CLANG_CXX_LIBRARY = "libc++";
				CLANG_ENABLE_MODULES = YES;
				CLANG_ENABLE_OBJC_ARC = YES;
				CLANG_WARN_BLOCK_CAPTURE_AUTORELEASING = YES;
				CLANG_WARN_BOOL_CONVERSION = YES;
				CLANG_WARN_COMMA = YES;
				CLANG_WARN_CONSTANT_CONVERSION = YES;
				CLANG_WARN_DIRECT_OBJC_ISA_USAGE = YES_ERROR;
				CLANG_WARN_DOCUMENTATION_COMMENTS = YES;
				CLANG_WARN_EMPTY_BODY = YES;
				CLANG_WARN_ENUM_CONVERSION = YES;
				CLANG_WARN_INFINITE_RECURSION = YES;
				CLANG_WARN_INT_CONVERSION = YES;
				CLANG_WARN_NON_LITERAL_NULL_CONVERSION = YES;
				CLANG_WARN_OBJC_LITERAL_CONVERSION = YES;
				CLANG_WARN_OBJC_ROOT_CLASS = YES_ERROR;
				CLANG_WARN_RANGE_LOOP_ANALYSIS = YES;
				CLANG_WARN_STRICT_PROTOTYPES = YES;
				CLANG_WARN_SUSPICIOUS_MOVE = YES;
				CLANG_WARN_UNGUARDED_AVAILABILITY = YES_AGGRESSIVE;
				CLANG_WARN_UNREACHABLE_CODE = YES;
				CLANG_WARN__DUPLICATE_METHOD_MATCH = YES;
				CODE_SIGN_IDENTITY = "iPhone Developer";
				COPY_PHASE_STRIP = NO;
				DEBUG_INFORMATION_FORMAT = "dwarf-with-dsym";
				ENABLE_NS_ASSERTIONS = NO;
				ENABLE_STRICT_OBJC_MSGSEND = YES;
				GCC_C_LANGUAGE_STANDARD = gnu11;
				GCC_NO_COMMON_BLOCKS = YES;
				GCC_WARN_64_TO_32_BIT_CONVERSION = YES;
				GCC_WARN_ABOUT_RETURN_TYPE = YES_ERROR;
				GCC_WARN_UNDECLARED_SELECTOR = YES;
				GCC_WARN_UNINITIALIZED_AUTOS = YES_AGGRESSIVE;
				GCC_WARN_UNUSED_FUNCTION = YES;
				GCC_WARN_UNUSED_VARIABLE = YES;
				IPHONEOS_DEPLOYMENT_TARGET = 11.2;
				MTL_ENABLE_DEBUG_INFO = NO;
				SDKROOT = iphoneos;
				VALIDATE_PRODUCT = YES;
			};
			name = Release;
		};
		356E6BA4204D4C26009F85F4 /* Debug */ = {
			isa = XCBuildConfiguration;
			buildSettings = {
				ASSETCATALOG_COMPILER_APPICON_NAME = AppIcon;
				CODE_SIGN_STYLE = Automatic;
				DEVELOPMENT_TEAM = M3YN599LE4;
				INFOPLIST_FILE = CCRollView_Demo/Info.plist;
				LD_RUNPATH_SEARCH_PATHS = "$(inherited) @executable_path/Frameworks";
				PRODUCT_BUNDLE_IDENTIFIER = "cc.com.CCRollView-Demo";
				PRODUCT_NAME = "$(TARGET_NAME)";
				TARGETED_DEVICE_FAMILY = "1,2";
			};
			name = Debug;
		};
		356E6BA5204D4C26009F85F4 /* Release */ = {
			isa = XCBuildConfiguration;
			buildSettings = {
				ASSETCATALOG_COMPILER_APPICON_NAME = AppIcon;
				CODE_SIGN_STYLE = Automatic;
				DEVELOPMENT_TEAM = M3YN599LE4;
				INFOPLIST_FILE = CCRollView_Demo/Info.plist;
				LD_RUNPATH_SEARCH_PATHS = "$(inherited) @executable_path/Frameworks";
				PRODUCT_BUNDLE_IDENTIFIER = "cc.com.CCRollView-Demo";
				PRODUCT_NAME = "$(TARGET_NAME)";
				TARGETED_DEVICE_FAMILY = "1,2";
			};
			name = Release;
		};
		356E6BA7204D4C26009F85F4 /* Debug */ = {
			isa = XCBuildConfiguration;
			buildSettings = {
				BUNDLE_LOADER = "$(TEST_HOST)";
				CODE_SIGN_STYLE = Automatic;
				INFOPLIST_FILE = CCRollView_DemoTests/Info.plist;
				LD_RUNPATH_SEARCH_PATHS = "$(inherited) @executable_path/Frameworks @loader_path/Frameworks";
				PRODUCT_BUNDLE_IDENTIFIER = "cc.com.CCRollView-DemoTests";
				PRODUCT_NAME = "$(TARGET_NAME)";
				TARGETED_DEVICE_FAMILY = "1,2";
				TEST_HOST = "$(BUILT_PRODUCTS_DIR)/CCRollView_Demo.app/CCRollView_Demo";
			};
			name = Debug;
		};
		356E6BA8204D4C26009F85F4 /* Release */ = {
			isa = XCBuildConfiguration;
			buildSettings = {
				BUNDLE_LOADER = "$(TEST_HOST)";
				CODE_SIGN_STYLE = Automatic;
				INFOPLIST_FILE = CCRollView_DemoTests/Info.plist;
				LD_RUNPATH_SEARCH_PATHS = "$(inherited) @executable_path/Frameworks @loader_path/Frameworks";
				PRODUCT_BUNDLE_IDENTIFIER = "cc.com.CCRollView-DemoTests";
				PRODUCT_NAME = "$(TARGET_NAME)";
				TARGETED_DEVICE_FAMILY = "1,2";
				TEST_HOST = "$(BUILT_PRODUCTS_DIR)/CCRollView_Demo.app/CCRollView_Demo";
			};
			name = Release;
		};
		356E6BAA204D4C26009F85F4 /* Debug */ = {
			isa = XCBuildConfiguration;
			buildSettings = {
				CODE_SIGN_STYLE = Automatic;
				INFOPLIST_FILE = CCRollView_DemoUITests/Info.plist;
				LD_RUNPATH_SEARCH_PATHS = "$(inherited) @executable_path/Frameworks @loader_path/Frameworks";
				PRODUCT_BUNDLE_IDENTIFIER = "cc.com.CCRollView-DemoUITests";
				PRODUCT_NAME = "$(TARGET_NAME)";
				TARGETED_DEVICE_FAMILY = "1,2";
				TEST_TARGET_NAME = CCRollView_Demo;
			};
			name = Debug;
		};
		356E6BAB204D4C26009F85F4 /* Release */ = {
			isa = XCBuildConfiguration;
			buildSettings = {
				CODE_SIGN_STYLE = Automatic;
				INFOPLIST_FILE = CCRollView_DemoUITests/Info.plist;
				LD_RUNPATH_SEARCH_PATHS = "$(inherited) @executable_path/Frameworks @loader_path/Frameworks";
				PRODUCT_BUNDLE_IDENTIFIER = "cc.com.CCRollView-DemoUITests";
				PRODUCT_NAME = "$(TARGET_NAME)";
				TARGETED_DEVICE_FAMILY = "1,2";
				TEST_TARGET_NAME = CCRollView_Demo;
			};
			name = Release;
		};
/* End XCBuildConfiguration section */

/* Begin XCConfigurationList section */
		356E6B72204D4C26009F85F4 /* Build configuration list for PBXProject "CCRollView_Demo" */ = {
			isa = XCConfigurationList;
			buildConfigurations = (
				356E6BA1204D4C26009F85F4 /* Debug */,
				356E6BA2204D4C26009F85F4 /* Release */,
			);
			defaultConfigurationIsVisible = 0;
			defaultConfigurationName = Release;
		};
		356E6BA3204D4C26009F85F4 /* Build configuration list for PBXNativeTarget "CCRollView_Demo" */ = {
			isa = XCConfigurationList;
			buildConfigurations = (
				356E6BA4204D4C26009F85F4 /* Debug */,
				356E6BA5204D4C26009F85F4 /* Release */,
			);
			defaultConfigurationIsVisible = 0;
			defaultConfigurationName = Release;
		};
		356E6BA6204D4C26009F85F4 /* Build configuration list for PBXNativeTarget "CCRollView_DemoTests" */ = {
			isa = XCConfigurationList;
			buildConfigurations = (
				356E6BA7204D4C26009F85F4 /* Debug */,
				356E6BA8204D4C26009F85F4 /* Release */,
			);
			defaultConfigurationIsVisible = 0;
			defaultConfigurationName = Release;
		};
		356E6BA9204D4C26009F85F4 /* Build configuration list for PBXNativeTarget "CCRollView_DemoUITests" */ = {
			isa = XCConfigurationList;
			buildConfigurations = (
				356E6BAA204D4C26009F85F4 /* Debug */,
				356E6BAB204D4C26009F85F4 /* Release */,
			);
			defaultConfigurationIsVisible = 0;
			defaultConfigurationName = Release;
		};
/* End XCConfigurationList section */
	};
	rootObject = 356E6B6F204D4C26009F85F4 /* Project object */;
}
